// !$*UTF8*$!
{
	archiveVersion = 1;
	classes = {
	};
	objectVersion = 56;
	objects = {

/* Begin PBXBuildFile section */
		C36F1BE629C80BCC00D634B3 /* AppDelegate.swift in Sources */ = {isa = PBXBuildFile; fileRef = C36F1BE529C80BCC00D634B3 /* AppDelegate.swift */; };
		C36F1BE829C80BCC00D634B3 /* SceneDelegate.swift in Sources */ = {isa = PBXBuildFile; fileRef = C36F1BE729C80BCC00D634B3 /* SceneDelegate.swift */; };
		C36F1BEA29C80BCC00D634B3 /* ViewController.swift in Sources */ = {isa = PBXBuildFile; fileRef = C36F1BE929C80BCC00D634B3 /* ViewController.swift */; };
		C36F1BED29C80BCC00D634B3 /* Main.storyboard in Resources */ = {isa = PBXBuildFile; fileRef = C36F1BEB29C80BCC00D634B3 /* Main.storyboard */; };
		C36F1BF029C80BCC00D634B3 /* gradientUIThings.xcdatamodeld in Sources */ = {isa = PBXBuildFile; fileRef = C36F1BEE29C80BCC00D634B3 /* gradientUIThings.xcdatamodeld */; };
		C36F1BF229C80BCF00D634B3 /* Assets.xcassets in Resources */ = {isa = PBXBuildFile; fileRef = C36F1BF129C80BCF00D634B3 /* Assets.xcassets */; };
		C36F1BF529C80BCF00D634B3 /* LaunchScreen.storyboard in Resources */ = {isa = PBXBuildFile; fileRef = C36F1BF329C80BCF00D634B3 /* LaunchScreen.storyboard */; };
		C36F1C0029C80BCF00D634B3 /* gradientUIThingsTests.swift in Sources */ = {isa = PBXBuildFile; fileRef = C36F1BFF29C80BCF00D634B3 /* gradientUIThingsTests.swift */; };
		C36F1C0A29C80BD000D634B3 /* gradientUIThingsUITests.swift in Sources */ = {isa = PBXBuildFile; fileRef = C36F1C0929C80BD000D634B3 /* gradientUIThingsUITests.swift */; };
		C36F1C0C29C80BD000D634B3 /* gradientUIThingsUITestsLaunchTests.swift in Sources */ = {isa = PBXBuildFile; fileRef = C36F1C0B29C80BD000D634B3 /* gradientUIThingsUITestsLaunchTests.swift */; };
		C36F1C1A29C80CC900D634B3 /* UIColorExtension.swift in Sources */ = {isa = PBXBuildFile; fileRef = C36F1C1929C80CC900D634B3 /* UIColorExtension.swift */; };
		C36F1C1C29C80D2100D634B3 /* UIImageExtension.swift in Sources */ = {isa = PBXBuildFile; fileRef = C36F1C1B29C80D2100D634B3 /* UIImageExtension.swift */; };
		D91FC17FBCA8EB12E9C57FEE /* CustomButton.swift in Sources */ = {isa = PBXBuildFile; fileRef = D91FCD8182CEFFBE0E67F4F4 /* CustomButton.swift */; };
		D91FC22D86093EABE7C76D12 /* UIViewExtension.swift in Sources */ = {isa = PBXBuildFile; fileRef = D91FC8F96F4303E76B44BE70 /* UIViewExtension.swift */; };
		D91FC5AF0AD3F85155A41CE3 /* BindableGestureRecognizer.swift in Sources */ = {isa = PBXBuildFile; fileRef = D91FC2867AAEB91355EFA7E1 /* BindableGestureRecognizer.swift */; };
/* End PBXBuildFile section */

/* Begin PBXContainerItemProxy section */
		C36F1BFC29C80BCF00D634B3 /* PBXContainerItemProxy */ = {
			isa = PBXContainerItemProxy;
			containerPortal = C36F1BDA29C80BCC00D634B3 /* Project object */;
			proxyType = 1;
			remoteGlobalIDString = C36F1BE129C80BCC00D634B3;
			remoteInfo = gradientUIThings;
		};
		C36F1C0629C80BD000D634B3 /* PBXContainerItemProxy */ = {
			isa = PBXContainerItemProxy;
			containerPortal = C36F1BDA29C80BCC00D634B3 /* Project object */;
			proxyType = 1;
			remoteGlobalIDString = C36F1BE129C80BCC00D634B3;
			remoteInfo = gradientUIThings;
		};
/* End PBXContainerItemProxy section */

/* Begin PBXFileReference section */
		C36F1BE229C80BCC00D634B3 /* gradientUIThings.app */ = {isa = PBXFileReference; explicitFileType = wrapper.application; includeInIndex = 0; path = gradientUIThings.app; sourceTree = BUILT_PRODUCTS_DIR; };
		C36F1BE529C80BCC00D634B3 /* AppDelegate.swift */ = {isa = PBXFileReference; lastKnownFileType = sourcecode.swift; path = AppDelegate.swift; sourceTree = "<group>"; };
		C36F1BE729C80BCC00D634B3 /* SceneDelegate.swift */ = {isa = PBXFileReference; lastKnownFileType = sourcecode.swift; path = SceneDelegate.swift; sourceTree = "<group>"; };
		C36F1BE929C80BCC00D634B3 /* ViewController.swift */ = {isa = PBXFileReference; lastKnownFileType = sourcecode.swift; path = ViewController.swift; sourceTree = "<group>"; };
		C36F1BEC29C80BCC00D634B3 /* Base */ = {isa = PBXFileReference; lastKnownFileType = file.storyboard; name = Base; path = Base.lproj/Main.storyboard; sourceTree = "<group>"; };
		C36F1BEF29C80BCC00D634B3 /* gradientUIThings.xcdatamodel */ = {isa = PBXFileReference; lastKnownFileType = wrapper.xcdatamodel; path = gradientUIThings.xcdatamodel; sourceTree = "<group>"; };
		C36F1BF129C80BCF00D634B3 /* Assets.xcassets */ = {isa = PBXFileReference; lastKnownFileType = folder.assetcatalog; path = Assets.xcassets; sourceTree = "<group>"; };
		C36F1BF429C80BCF00D634B3 /* Base */ = {isa = PBXFileReference; lastKnownFileType = file.storyboard; name = Base; path = Base.lproj/LaunchScreen.storyboard; sourceTree = "<group>"; };
		C36F1BF629C80BCF00D634B3 /* Info.plist */ = {isa = PBXFileReference; lastKnownFileType = text.plist.xml; path = Info.plist; sourceTree = "<group>"; };
		C36F1BFB29C80BCF00D634B3 /* gradientUIThingsTests.xctest */ = {isa = PBXFileReference; explicitFileType = wrapper.cfbundle; includeInIndex = 0; path = gradientUIThingsTests.xctest; sourceTree = BUILT_PRODUCTS_DIR; };
		C36F1BFF29C80BCF00D634B3 /* gradientUIThingsTests.swift */ = {isa = PBXFileReference; lastKnownFileType = sourcecode.swift; path = gradientUIThingsTests.swift; sourceTree = "<group>"; };
		C36F1C0529C80BD000D634B3 /* gradientUIThingsUITests.xctest */ = {isa = PBXFileReference; explicitFileType = wrapper.cfbundle; includeInIndex = 0; path = gradientUIThingsUITests.xctest; sourceTree = BUILT_PRODUCTS_DIR; };
		C36F1C0929C80BD000D634B3 /* gradientUIThingsUITests.swift */ = {isa = PBXFileReference; lastKnownFileType = sourcecode.swift; path = gradientUIThingsUITests.swift; sourceTree = "<group>"; };
		C36F1C0B29C80BD000D634B3 /* gradientUIThingsUITestsLaunchTests.swift */ = {isa = PBXFileReference; lastKnownFileType = sourcecode.swift; path = gradientUIThingsUITestsLaunchTests.swift; sourceTree = "<group>"; };
		C36F1C1929C80CC900D634B3 /* UIColorExtension.swift */ = {isa = PBXFileReference; lastKnownFileType = sourcecode.swift; path = UIColorExtension.swift; sourceTree = "<group>"; };
		C36F1C1B29C80D2100D634B3 /* UIImageExtension.swift */ = {isa = PBXFileReference; lastKnownFileType = sourcecode.swift; path = UIImageExtension.swift; sourceTree = "<group>"; };
		D91FC2867AAEB91355EFA7E1 /* BindableGestureRecognizer.swift */ = {isa = PBXFileReference; fileEncoding = 4; lastKnownFileType = sourcecode.swift; path = BindableGestureRecognizer.swift; sourceTree = "<group>"; };
		D91FC8F96F4303E76B44BE70 /* UIViewExtension.swift */ = {isa = PBXFileReference; fileEncoding = 4; lastKnownFileType = sourcecode.swift; path = UIViewExtension.swift; sourceTree = "<group>"; };
		D91FCD8182CEFFBE0E67F4F4 /* CustomButton.swift */ = {isa = PBXFileReference; fileEncoding = 4; lastKnownFileType = sourcecode.swift; path = CustomButton.swift; sourceTree = "<group>"; };
/* End PBXFileReference section */

/* Begin PBXFrameworksBuildPhase section */
		C36F1BDF29C80BCC00D634B3 /* Frameworks */ = {
			isa = PBXFrameworksBuildPhase;
			buildActionMask = 2147483647;
			files = (
			);
			runOnlyForDeploymentPostprocessing = 0;
		};
		C36F1BF829C80BCF00D634B3 /* Frameworks */ = {
			isa = PBXFrameworksBuildPhase;
			buildActionMask = 2147483647;
			files = (
			);
			runOnlyForDeploymentPostprocessing = 0;
		};
		C36F1C0229C80BD000D634B3 /* Frameworks */ = {
			isa = PBXFrameworksBuildPhase;
			buildActionMask = 2147483647;
			files = (
			);
			runOnlyForDeploymentPostprocessing = 0;
		};
/* End PBXFrameworksBuildPhase section */

/* Begin PBXGroup section */
		C36F1BD929C80BCC00D634B3 = {
			isa = PBXGroup;
			children = (
				C36F1BE429C80BCC00D634B3 /* gradientUIThings */,
				C36F1BFE29C80BCF00D634B3 /* gradientUIThingsTests */,
				C36F1C0829C80BD000D634B3 /* gradientUIThingsUITests */,
				C36F1BE329C80BCC00D634B3 /* Products */,
			);
			sourceTree = "<group>";
		};
		C36F1BE329C80BCC00D634B3 /* Products */ = {
			isa = PBXGroup;
			children = (
				C36F1BE229C80BCC00D634B3 /* gradientUIThings.app */,
				C36F1BFB29C80BCF00D634B3 /* gradientUIThingsTests.xctest */,
				C36F1C0529C80BD000D634B3 /* gradientUIThingsUITests.xctest */,
			);
			name = Products;
			sourceTree = "<group>";
		};
		C36F1BE429C80BCC00D634B3 /* gradientUIThings */ = {
			isa = PBXGroup;
			children = (
				C36F1C1829C80C9900D634B3 /* Extension */,
				C36F1BE529C80BCC00D634B3 /* AppDelegate.swift */,
				C36F1BE729C80BCC00D634B3 /* SceneDelegate.swift */,
				C36F1BE929C80BCC00D634B3 /* ViewController.swift */,
				C36F1BEB29C80BCC00D634B3 /* Main.storyboard */,
				C36F1BF129C80BCF00D634B3 /* Assets.xcassets */,
				C36F1BF329C80BCF00D634B3 /* LaunchScreen.storyboard */,
				C36F1BF629C80BCF00D634B3 /* Info.plist */,
				C36F1BEE29C80BCC00D634B3 /* gradientUIThings.xcdatamodeld */,
			);
			path = gradientUIThings;
			sourceTree = "<group>";
		};
		C36F1BFE29C80BCF00D634B3 /* gradientUIThingsTests */ = {
			isa = PBXGroup;
			children = (
				C36F1BFF29C80BCF00D634B3 /* gradientUIThingsTests.swift */,
			);
			path = gradientUIThingsTests;
			sourceTree = "<group>";
		};
		C36F1C0829C80BD000D634B3 /* gradientUIThingsUITests */ = {
			isa = PBXGroup;
			children = (
				C36F1C0929C80BD000D634B3 /* gradientUIThingsUITests.swift */,
				C36F1C0B29C80BD000D634B3 /* gradientUIThingsUITestsLaunchTests.swift */,
			);
			path = gradientUIThingsUITests;
			sourceTree = "<group>";
		};
		C36F1C1829C80C9900D634B3 /* Extension */ = {
			isa = PBXGroup;
			children = (
				C36F1C1929C80CC900D634B3 /* UIColorExtension.swift */,
				C36F1C1B29C80D2100D634B3 /* UIImageExtension.swift */,
				D91FCD8182CEFFBE0E67F4F4 /* CustomButton.swift */,
				D91FC8F96F4303E76B44BE70 /* UIViewExtension.swift */,
				D91FC2867AAEB91355EFA7E1 /* BindableGestureRecognizer.swift */,
			);
			path = Extension;
			sourceTree = "<group>";
		};
/* End PBXGroup section */

/* Begin PBXNativeTarget section */
		C36F1BE129C80BCC00D634B3 /* gradientUIThings */ = {
			isa = PBXNativeTarget;
			buildConfigurationList = C36F1C0F29C80BD000D634B3 /* Build configuration list for PBXNativeTarget "gradientUIThings" */;
			buildPhases = (
				C36F1BDE29C80BCC00D634B3 /* Sources */,
				C36F1BDF29C80BCC00D634B3 /* Frameworks */,
				C36F1BE029C80BCC00D634B3 /* Resources */,
			);
			buildRules = (
			);
			dependencies = (
			);
			name = gradientUIThings;
			productName = gradientUIThings;
			productReference = C36F1BE229C80BCC00D634B3 /* gradientUIThings.app */;
			productType = "com.apple.product-type.application";
		};
		C36F1BFA29C80BCF00D634B3 /* gradientUIThingsTests */ = {
			isa = PBXNativeTarget;
			buildConfigurationList = C36F1C1229C80BD000D634B3 /* Build configuration list for PBXNativeTarget "gradientUIThingsTests" */;
			buildPhases = (
				C36F1BF729C80BCF00D634B3 /* Sources */,
				C36F1BF829C80BCF00D634B3 /* Frameworks */,
				C36F1BF929C80BCF00D634B3 /* Resources */,
			);
			buildRules = (
			);
			dependencies = (
				C36F1BFD29C80BCF00D634B3 /* PBXTargetDependency */,
			);
			name = gradientUIThingsTests;
			productName = gradientUIThingsTests;
			productReference = C36F1BFB29C80BCF00D634B3 /* gradientUIThingsTests.xctest */;
			productType = "com.apple.product-type.bundle.unit-test";
		};
		C36F1C0429C80BD000D634B3 /* gradientUIThingsUITests */ = {
			isa = PBXNativeTarget;
			buildConfigurationList = C36F1C1529C80BD000D634B3 /* Build configuration list for PBXNativeTarget "gradientUIThingsUITests" */;
			buildPhases = (
				C36F1C0129C80BD000D634B3 /* Sources */,
				C36F1C0229C80BD000D634B3 /* Frameworks */,
				C36F1C0329C80BD000D634B3 /* Resources */,
			);
			buildRules = (
			);
			dependencies = (
				C36F1C0729C80BD000D634B3 /* PBXTargetDependency */,
			);
			name = gradientUIThingsUITests;
			productName = gradientUIThingsUITests;
			productReference = C36F1C0529C80BD000D634B3 /* gradientUIThingsUITests.xctest */;
			productType = "com.apple.product-type.bundle.ui-testing";
		};
/* End PBXNativeTarget section */

/* Begin PBXProject section */
		C36F1BDA29C80BCC00D634B3 /* Project object */ = {
			isa = PBXProject;
			attributes = {
				BuildIndependentTargetsInParallel = 1;
				LastSwiftUpdateCheck = 1420;
				LastUpgradeCheck = 1420;
				TargetAttributes = {
					C36F1BE129C80BCC00D634B3 = {
						CreatedOnToolsVersion = 14.2;
					};
					C36F1BFA29C80BCF00D634B3 = {
						CreatedOnToolsVersion = 14.2;
						TestTargetID = C36F1BE129C80BCC00D634B3;
					};
					C36F1C0429C80BD000D634B3 = {
						CreatedOnToolsVersion = 14.2;
						TestTargetID = C36F1BE129C80BCC00D634B3;
					};
				};
			};
			buildConfigurationList = C36F1BDD29C80BCC00D634B3 /* Build configuration list for PBXProject "gradientUIThings" */;
			compatibilityVersion = "Xcode 14.0";
			developmentRegion = en;
			hasScannedForEncodings = 0;
			knownRegions = (
				en,
				Base,
			);
			mainGroup = C36F1BD929C80BCC00D634B3;
			productRefGroup = C36F1BE329C80BCC00D634B3 /* Products */;
			projectDirPath = "";
			projectRoot = "";
			targets = (
				C36F1BE129C80BCC00D634B3 /* gradientUIThings */,
				C36F1BFA29C80BCF00D634B3 /* gradientUIThingsTests */,
				C36F1C0429C80BD000D634B3 /* gradientUIThingsUITests */,
			);
		};
/* End PBXProject section */

/* Begin PBXResourcesBuildPhase section */
		C36F1BE029C80BCC00D634B3 /* Resources */ = {
			isa = PBXResourcesBuildPhase;
			buildActionMask = 2147483647;
			files = (
				C36F1BF529C80BCF00D634B3 /* LaunchScreen.storyboard in Resources */,
				C36F1BF229C80BCF00D634B3 /* Assets.xcassets in Resources */,
				C36F1BED29C80BCC00D634B3 /* Main.storyboard in Resources */,
			);
			runOnlyForDeploymentPostprocessing = 0;
		};
		C36F1BF929C80BCF00D634B3 /* Resources */ = {
			isa = PBXResourcesBuildPhase;
			buildActionMask = 2147483647;
			files = (
			);
			runOnlyForDeploymentPostprocessing = 0;
		};
		C36F1C0329C80BD000D634B3 /* Resources */ = {
			isa = PBXResourcesBuildPhase;
			buildActionMask = 2147483647;
			files = (
			);
			runOnlyForDeploymentPostprocessing = 0;
		};
/* End PBXResourcesBuildPhase section */

/* Begin PBXSourcesBuildPhase section */
		C36F1BDE29C80BCC00D634B3 /* Sources */ = {
			isa = PBXSourcesBuildPhase;
			buildActionMask = 2147483647;
			files = (
				C36F1BEA29C80BCC00D634B3 /* ViewController.swift in Sources */,
				C36F1BE629C80BCC00D634B3 /* AppDelegate.swift in Sources */,
				C36F1C1A29C80CC900D634B3 /* UIColorExtension.swift in Sources */,
				C36F1BF029C80BCC00D634B3 /* gradientUIThings.xcdatamodeld in Sources */,
				C36F1C1C29C80D2100D634B3 /* UIImageExtension.swift in Sources */,
				C36F1BE829C80BCC00D634B3 /* SceneDelegate.swift in Sources */,
				D91FC17FBCA8EB12E9C57FEE /* CustomButton.swift in Sources */,
				D91FC22D86093EABE7C76D12 /* UIViewExtension.swift in Sources */,
				D91FC5AF0AD3F85155A41CE3 /* BindableGestureRecognizer.swift in Sources */,
			);
			runOnlyForDeploymentPostprocessing = 0;
		};
		C36F1BF729C80BCF00D634B3 /* Sources */ = {
			isa = PBXSourcesBuildPhase;
			buildActionMask = 2147483647;
			files = (
				C36F1C0029C80BCF00D634B3 /* gradientUIThingsTests.swift in Sources */,
			);
			runOnlyForDeploymentPostprocessing = 0;
		};
		C36F1C0129C80BD000D634B3 /* Sources */ = {
			isa = PBXSourcesBuildPhase;
			buildActionMask = 2147483647;
			files = (
				C36F1C0A29C80BD000D634B3 /* gradientUIThingsUITests.swift in Sources */,
				C36F1C0C29C80BD000D634B3 /* gradientUIThingsUITestsLaunchTests.swift in Sources */,
			);
			runOnlyForDeploymentPostprocessing = 0;
		};
/* End PBXSourcesBuildPhase section */

/* Begin PBXTargetDependency section */
		C36F1BFD29C80BCF00D634B3 /* PBXTargetDependency */ = {
			isa = PBXTargetDependency;
			target = C36F1BE129C80BCC00D634B3 /* gradientUIThings */;
			targetProxy = C36F1BFC29C80BCF00D634B3 /* PBXContainerItemProxy */;
		};
		C36F1C0729C80BD000D634B3 /* PBXTargetDependency */ = {
			isa = PBXTargetDependency;
			target = C36F1BE129C80BCC00D634B3 /* gradientUIThings */;
			targetProxy = C36F1C0629C80BD000D634B3 /* PBXContainerItemProxy */;
		};
/* End PBXTargetDependency section */

/* Begin PBXVariantGroup section */
		C36F1BEB29C80BCC00D634B3 /* Main.storyboard */ = {
			isa = PBXVariantGroup;
			children = (
				C36F1BEC29C80BCC00D634B3 /* Base */,
			);
			name = Main.storyboard;
			sourceTree = "<group>";
		};
		C36F1BF329C80BCF00D634B3 /* LaunchScreen.storyboard */ = {
			isa = PBXVariantGroup;
			children = (
				C36F1BF429C80BCF00D634B3 /* Base */,
			);
			name = LaunchScreen.storyboard;
			sourceTree = "<group>";
		};
/* End PBXVariantGroup section */

/* Begin XCBuildConfiguration section */
		C36F1C0D29C80BD000D634B3 /* Debug */ = {
			isa = XCBuildConfiguration;
			buildSettings = {
				ALWAYS_SEARCH_USER_PATHS = NO;
				CLANG_ANALYZER_NONNULL = YES;
				CLANG_ANALYZER_NUMBER_OBJECT_CONVERSION = YES_AGGRESSIVE;
				CLANG_CXX_LANGUAGE_STANDARD = "gnu++20";
				CLANG_ENABLE_MODULES = YES;
				CLANG_ENABLE_OBJC_ARC = YES;
				CLANG_ENABLE_OBJC_WEAK = YES;
				CLANG_WARN_BLOCK_CAPTURE_AUTORELEASING = YES;
				CLANG_WARN_BOOL_CONVERSION = YES;
				CLANG_WARN_COMMA = YES;
				CLANG_WARN_CONSTANT_CONVERSION = YES;
				CLANG_WARN_DEPRECATED_OBJC_IMPLEMENTATIONS = YES;
				CLANG_WARN_DIRECT_OBJC_ISA_USAGE = YES_ERROR;
				CLANG_WARN_DOCUMENTATION_COMMENTS = YES;
				CLANG_WARN_EMPTY_BODY = YES;
				CLANG_WARN_ENUM_CONVERSION = YES;
				CLANG_WARN_INFINITE_RECURSION = YES;
				CLANG_WARN_INT_CONVERSION = YES;
				CLANG_WARN_NON_LITERAL_NULL_CONVERSION = YES;
				CLANG_WARN_OBJC_IMPLICIT_RETAIN_SELF = YES;
				CLANG_WARN_OBJC_LITERAL_CONVERSION = YES;
				CLANG_WARN_OBJC_ROOT_CLASS = YES_ERROR;
				CLANG_WARN_QUOTED_INCLUDE_IN_FRAMEWORK_HEADER = YES;
				CLANG_WARN_RANGE_LOOP_ANALYSIS = YES;
				CLANG_WARN_STRICT_PROTOTYPES = YES;
				CLANG_WARN_SUSPICIOUS_MOVE = YES;
				CLANG_WARN_UNGUARDED_AVAILABILITY = YES_AGGRESSIVE;
				CLANG_WARN_UNREACHABLE_CODE = YES;
				CLANG_WARN__DUPLICATE_METHOD_MATCH = YES;
				COPY_PHASE_STRIP = NO;
				DEBUG_INFORMATION_FORMAT = dwarf;
				ENABLE_STRICT_OBJC_MSGSEND = YES;
				ENABLE_TESTABILITY = YES;
				GCC_C_LANGUAGE_STANDARD = gnu11;
				GCC_DYNAMIC_NO_PIC = NO;
				GCC_NO_COMMON_BLOCKS = YES;
				GCC_OPTIMIZATION_LEVEL = 0;
				GCC_PREPROCESSOR_DEFINITIONS = (
					"DEBUG=1",
					"$(inherited)",
				);
				GCC_WARN_64_TO_32_BIT_CONVERSION = YES;
				GCC_WARN_ABOUT_RETURN_TYPE = YES_ERROR;
				GCC_WARN_UNDECLARED_SELECTOR = YES;
				GCC_WARN_UNINITIALIZED_AUTOS = YES_AGGRESSIVE;
				GCC_WARN_UNUSED_FUNCTION = YES;
				GCC_WARN_UNUSED_VARIABLE = YES;
				IPHONEOS_DEPLOYMENT_TARGET = 16.2;
				MTL_ENABLE_DEBUG_INFO = INCLUDE_SOURCE;
				MTL_FAST_MATH = YES;
				ONLY_ACTIVE_ARCH = YES;
				SDKROOT = iphoneos;
				SWIFT_ACTIVE_COMPILATION_CONDITIONS = DEBUG;
				SWIFT_OPTIMIZATION_LEVEL = "-Onone";
			};
			name = Debug;
		};
		C36F1C0E29C80BD000D634B3 /* Release */ = {
			isa = XCBuildConfiguration;
			buildSettings = {
				ALWAYS_SEARCH_USER_PATHS = NO;
				CLANG_ANALYZER_NONNULL = YES;
				CLANG_ANALYZER_NUMBER_OBJECT_CONVERSION = YES_AGGRESSIVE;
				CLANG_CXX_LANGUAGE_STANDARD = "gnu++20";
				CLANG_ENABLE_MODULES = YES;
				CLANG_ENABLE_OBJC_ARC = YES;
				CLANG_ENABLE_OBJC_WEAK = YES;
				CLANG_WARN_BLOCK_CAPTURE_AUTORELEASING = YES;
				CLANG_WARN_BOOL_CONVERSION = YES;
				CLANG_WARN_COMMA = YES;
				CLANG_WARN_CONSTANT_CONVERSION = YES;
				CLANG_WARN_DEPRECATED_OBJC_IMPLEMENTATIONS = YES;
				CLANG_WARN_DIRECT_OBJC_ISA_USAGE = YES_ERROR;
				CLANG_WARN_DOCUMENTATION_COMMENTS = YES;
				CLANG_WARN_EMPTY_BODY = YES;
				CLANG_WARN_ENUM_CONVERSION = YES;
				CLANG_WARN_INFINITE_RECURSION = YES;
				CLANG_WARN_INT_CONVERSION = YES;
				CLANG_WARN_NON_LITERAL_NULL_CONVERSION = YES;
				CLANG_WARN_OBJC_IMPLICIT_RETAIN_SELF = YES;
				CLANG_WARN_OBJC_LITERAL_CONVERSION = YES;
				CLANG_WARN_OBJC_ROOT_CLASS = YES_ERROR;
				CLANG_WARN_QUOTED_INCLUDE_IN_FRAMEWORK_HEADER = YES;
				CLANG_WARN_RANGE_LOOP_ANALYSIS = YES;
				CLANG_WARN_STRICT_PROTOTYPES = YES;
				CLANG_WARN_SUSPICIOUS_MOVE = YES;
				CLANG_WARN_UNGUARDED_AVAILABILITY = YES_AGGRESSIVE;
				CLANG_WARN_UNREACHABLE_CODE = YES;
				CLANG_WARN__DUPLICATE_METHOD_MATCH = YES;
				COPY_PHASE_STRIP = NO;
				DEBUG_INFORMATION_FORMAT = "dwarf-with-dsym";
				ENABLE_NS_ASSERTIONS = NO;
				ENABLE_STRICT_OBJC_MSGSEND = YES;
				GCC_C_LANGUAGE_STANDARD = gnu11;
				GCC_NO_COMMON_BLOCKS = YES;
				GCC_WARN_64_TO_32_BIT_CONVERSION = YES;
				GCC_WARN_ABOUT_RETURN_TYPE = YES_ERROR;
				GCC_WARN_UNDECLARED_SELECTOR = YES;
				GCC_WARN_UNINITIALIZED_AUTOS = YES_AGGRESSIVE;
				GCC_WARN_UNUSED_FUNCTION = YES;
				GCC_WARN_UNUSED_VARIABLE = YES;
				IPHONEOS_DEPLOYMENT_TARGET = 16.2;
				MTL_ENABLE_DEBUG_INFO = NO;
				MTL_FAST_MATH = YES;
				SDKROOT = iphoneos;
				SWIFT_COMPILATION_MODE = wholemodule;
				SWIFT_OPTIMIZATION_LEVEL = "-O";
				VALIDATE_PRODUCT = YES;
			};
			name = Release;
		};
		C36F1C1029C80BD000D634B3 /* Debug */ = {
			isa = XCBuildConfiguration;
			buildSettings = {
				ASSETCATALOG_COMPILER_APPICON_NAME = AppIcon;
				ASSETCATALOG_COMPILER_GLOBAL_ACCENT_COLOR_NAME = AccentColor;
				CODE_SIGN_STYLE = Automatic;
				CURRENT_PROJECT_VERSION = 1;
				DEVELOPMENT_TEAM = T4635F835S;
				GENERATE_INFOPLIST_FILE = YES;
				INFOPLIST_FILE = gradientUIThings/Info.plist;
				INFOPLIST_KEY_UIApplicationSupportsIndirectInputEvents = YES;
				INFOPLIST_KEY_UILaunchStoryboardName = LaunchScreen;
				INFOPLIST_KEY_UIMainStoryboardFile = Main;
				INFOPLIST_KEY_UISupportedInterfaceOrientations_iPad = "UIInterfaceOrientationPortrait UIInterfaceOrientationPortraitUpsideDown UIInterfaceOrientationLandscapeLeft UIInterfaceOrientationLandscapeRight";
				INFOPLIST_KEY_UISupportedInterfaceOrientations_iPhone = "UIInterfaceOrientationPortrait UIInterfaceOrientationLandscapeLeft UIInterfaceOrientationLandscapeRight";
				LD_RUNPATH_SEARCH_PATHS = (
					"$(inherited)",
					"@executable_path/Frameworks",
				);
				MARKETING_VERSION = 1.0;
				PRODUCT_BUNDLE_IDENTIFIER = tim.ckchow.gradientUIThings;
				PRODUCT_NAME = "$(TARGET_NAME)";
				SWIFT_EMIT_LOC_STRINGS = YES;
				SWIFT_VERSION = 5.0;
				TARGETED_DEVICE_FAMILY = "1,2";
			};
			name = Debug;
		};
		C36F1C1129C80BD000D634B3 /* Release */ = {
			isa = XCBuildConfiguration;
			buildSettings = {
				ASSETCATALOG_COMPILER_APPICON_NAME = AppIcon;
				ASSETCATALOG_COMPILER_GLOBAL_ACCENT_COLOR_NAME = AccentColor;
				CODE_SIGN_STYLE = Automatic;
				CURRENT_PROJECT_VERSION = 1;
				DEVELOPMENT_TEAM = T4635F835S;
				GENERATE_INFOPLIST_FILE = YES;
				INFOPLIST_FILE = gradientUIThings/Info.plist;
				INFOPLIST_KEY_UIApplicationSupportsIndirectInputEvents = YES;
				INFOPLIST_KEY_UILaunchStoryboardName = LaunchScreen;
				INFOPLIST_KEY_UIMainStoryboardFile = Main;
				INFOPLIST_KEY_UISupportedInterfaceOrientations_iPad = "UIInterfaceOrientationPortrait UIInterfaceOrientationPortraitUpsideDown UIInterfaceOrientationLandscapeLeft UIInterfaceOrientationLandscapeRight";
				INFOPLIST_KEY_UISupportedInterfaceOrientations_iPhone = "UIInterfaceOrientationPortrait UIInterfaceOrientationLandscapeLeft UIInterfaceOrientationLandscapeRight";
				LD_RUNPATH_SEARCH_PATHS = (
					"$(inherited)",
					"@executable_path/Frameworks",
				);
				MARKETING_VERSION = 1.0;
				PRODUCT_BUNDLE_IDENTIFIER = tim.ckchow.gradientUIThings;
				PRODUCT_NAME = "$(TARGET_NAME)";
				SWIFT_EMIT_LOC_STRINGS = YES;
				SWIFT_VERSION = 5.0;
				TARGETED_DEVICE_FAMILY = "1,2";
			};
			name = Release;
		};
		C36F1C1329C80BD000D634B3 /* Debug */ = {
			isa = XCBuildConfiguration;
			buildSettings = {
				ALWAYS_EMBED_SWIFT_STANDARD_LIBRARIES = YES;
				BUNDLE_LOADER = "$(TEST_HOST)";
				CODE_SIGN_STYLE = Automatic;
				CURRENT_PROJECT_VERSION = 1;
				DEVELOPMENT_TEAM = T4635F835S;
				GENERATE_INFOPLIST_FILE = YES;
				IPHONEOS_DEPLOYMENT_TARGET = 16.2;
				MARKETING_VERSION = 1.0;
				PRODUCT_BUNDLE_IDENTIFIER = tim.ckchow.gradientUIThingsTests;
				PRODUCT_NAME = "$(TARGET_NAME)";
				SWIFT_EMIT_LOC_STRINGS = NO;
				SWIFT_VERSION = 5.0;
				TARGETED_DEVICE_FAMILY = "1,2";
				TEST_HOST = "$(BUILT_PRODUCTS_DIR)/gradientUIThings.app/$(BUNDLE_EXECUTABLE_FOLDER_PATH)/gradientUIThings";
			};
			name = Debug;
		};
		C36F1C1429C80BD000D634B3 /* Release */ = {
			isa = XCBuildConfiguration;
			buildSettings = {
				ALWAYS_EMBED_SWIFT_STANDARD_LIBRARIES = YES;
				BUNDLE_LOADER = "$(TEST_HOST)";
				CODE_SIGN_STYLE = Automatic;
				CURRENT_PROJECT_VERSION = 1;
				DEVELOPMENT_TEAM = T4635F835S;
				GENERATE_INFOPLIST_FILE = YES;
				IPHONEOS_DEPLOYMENT_TARGET = 16.2;
				MARKETING_VERSION = 1.0;
				PRODUCT_BUNDLE_IDENTIFIER = tim.ckchow.gradientUIThingsTests;
				PRODUCT_NAME = "$(TARGET_NAME)";
				SWIFT_EMIT_LOC_STRINGS = NO;
				SWIFT_VERSION = 5.0;
				TARGETED_DEVICE_FAMILY = "1,2";
				TEST_HOST = "$(BUILT_PRODUCTS_DIR)/gradientUIThings.app/$(BUNDLE_EXECUTABLE_FOLDER_PATH)/gradientUIThings";
			};
			name = Release;
		};
		C36F1C1629C80BD000D634B3 /* Debug */ = {
			isa = XCBuildConfiguration;
			buildSettings = {
				ALWAYS_EMBED_SWIFT_STANDARD_LIBRARIES = YES;
				CODE_SIGN_STYLE = Automatic;
				CURRENT_PROJECT_VERSION = 1;
				DEVELOPMENT_TEAM = T4635F835S;
				GENERATE_INFOPLIST_FILE = YES;
				MARKETING_VERSION = 1.0;
				PRODUCT_BUNDLE_IDENTIFIER = tim.ckchow.gradientUIThingsUITests;
				PRODUCT_NAME = "$(TARGET_NAME)";
				SWIFT_EMIT_LOC_STRINGS = NO;
				SWIFT_VERSION = 5.0;
				TARGETED_DEVICE_FAMILY = "1,2";
				TEST_TARGET_NAME = gradientUIThings;
			};
			name = Debug;
		};
		C36F1C1729C80BD000D634B3 /* Release */ = {
			isa = XCBuildConfiguration;
			buildSettings = {
				ALWAYS_EMBED_SWIFT_STANDARD_LIBRARIES = YES;
				CODE_SIGN_STYLE = Automatic;
				CURRENT_PROJECT_VERSION = 1;
				DEVELOPMENT_TEAM = T4635F835S;
				GENERATE_INFOPLIST_FILE = YES;
				MARKETING_VERSION = 1.0;
				PRODUCT_BUNDLE_IDENTIFIER = tim.ckchow.gradientUIThingsUITests;
				PRODUCT_NAME = "$(TARGET_NAME)";
				SWIFT_EMIT_LOC_STRINGS = NO;
				SWIFT_VERSION = 5.0;
				TARGETED_DEVICE_FAMILY = "1,2";
				TEST_TARGET_NAME = gradientUIThings;
			};
			name = Release;
		};
/* End XCBuildConfiguration section */

/* Begin XCConfigurationList section */
		C36F1BDD29C80BCC00D634B3 /* Build configuration list for PBXProject "gradientUIThings" */ = {
			isa = XCConfigurationList;
			buildConfigurations = (
				C36F1C0D29C80BD000D634B3 /* Debug */,
				C36F1C0E29C80BD000D634B3 /* Release */,
			);
			defaultConfigurationIsVisible = 0;
			defaultConfigurationName = Release;
		};
		C36F1C0F29C80BD000D634B3 /* Build configuration list for PBXNativeTarget "gradientUIThings" */ = {
			isa = XCConfigurationList;
			buildConfigurations = (
				C36F1C1029C80BD000D634B3 /* Debug */,
				C36F1C1129C80BD000D634B3 /* Release */,
			);
			defaultConfigurationIsVisible = 0;
			defaultConfigurationName = Release;
		};
		C36F1C1229C80BD000D634B3 /* Build configuration list for PBXNativeTarget "gradientUIThingsTests" */ = {
			isa = XCConfigurationList;
			buildConfigurations = (
				C36F1C1329C80BD000D634B3 /* Debug */,
				C36F1C1429C80BD000D634B3 /* Release */,
			);
			defaultConfigurationIsVisible = 0;
			defaultConfigurationName = Release;
		};
		C36F1C1529C80BD000D634B3 /* Build configuration list for PBXNativeTarget "gradientUIThingsUITests" */ = {
			isa = XCConfigurationList;
			buildConfigurations = (
				C36F1C1629C80BD000D634B3 /* Debug */,
				C36F1C1729C80BD000D634B3 /* Release */,
			);
			defaultConfigurationIsVisible = 0;
			defaultConfigurationName = Release;
		};
/* End XCConfigurationList section */

/* Begin XCVersionGroup section */
		C36F1BEE29C80BCC00D634B3 /* gradientUIThings.xcdatamodeld */ = {
			isa = XCVersionGroup;
			children = (
				C36F1BEF29C80BCC00D634B3 /* gradientUIThings.xcdatamodel */,
			);
			currentVersion = C36F1BEF29C80BCC00D634B3 /* gradientUIThings.xcdatamodel */;
			path = gradientUIThings.xcdatamodeld;
			sourceTree = "<group>";
			versionGroupType = wrapper.xcdatamodel;
		};
/* End XCVersionGroup section */
	};
	rootObject = C36F1BDA29C80BCC00D634B3 /* Project object */;
}
